// !$*UTF8*$!
{
	archiveVersion = 1;
	classes = {
	};
	objectVersion = 46;
	objects = {

/* Begin PBXBuildFile section */
		138A74FD1B44CEFB00E550DD /* AppDelegate.swift in Sources */ = {isa = PBXBuildFile; fileRef = 138A74FC1B44CEFB00E550DD /* AppDelegate.swift */; };
		138A74FF1B44CEFB00E550DD /* ViewController.swift in Sources */ = {isa = PBXBuildFile; fileRef = 138A74FE1B44CEFB00E550DD /* ViewController.swift */; };
		138A75021B44CEFB00E550DD /* Main.storyboard in Resources */ = {isa = PBXBuildFile; fileRef = 138A75001B44CEFB00E550DD /* Main.storyboard */; };
		138A75041B44CEFB00E550DD /* Images.xcassets in Resources */ = {isa = PBXBuildFile; fileRef = 138A75031B44CEFB00E550DD /* Images.xcassets */; };
		138A75071B44CEFB00E550DD /* LaunchScreen.xib in Resources */ = {isa = PBXBuildFile; fileRef = 138A75051B44CEFB00E550DD /* LaunchScreen.xib */; };
		138A75131B44CEFB00E550DD /* shakeandswipeTests.swift in Sources */ = {isa = PBXBuildFile; fileRef = 138A75121B44CEFB00E550DD /* shakeandswipeTests.swift */; };
/* End PBXBuildFile section */

/* Begin PBXContainerItemProxy section */
		138A750D1B44CEFB00E550DD /* PBXContainerItemProxy */ = {
			isa = PBXContainerItemProxy;
			containerPortal = 138A74EF1B44CEFB00E550DD /* Project object */;
			proxyType = 1;
			remoteGlobalIDString = 138A74F61B44CEFB00E550DD;
			remoteInfo = shakeandswipe;
		};
/* End PBXContainerItemProxy section */

/* Begin PBXFileReference section */
		138A74F71B44CEFB00E550DD /* shakeandswipe.app */ = {isa = PBXFileReference; explicitFileType = wrapper.application; includeInIndex = 0; path = shakeandswipe.app; sourceTree = BUILT_PRODUCTS_DIR; };
		138A74FB1B44CEFB00E550DD /* Info.plist */ = {isa = PBXFileReference; lastKnownFileType = text.plist.xml; path = Info.plist; sourceTree = "<group>"; };
		138A74FC1B44CEFB00E550DD /* AppDelegate.swift */ = {isa = PBXFileReference; lastKnownFileType = sourcecode.swift; path = AppDelegate.swift; sourceTree = "<group>"; };
		138A74FE1B44CEFB00E550DD /* ViewController.swift */ = {isa = PBXFileReference; lastKnownFileType = sourcecode.swift; path = ViewController.swift; sourceTree = "<group>"; };
		138A75011B44CEFB00E550DD /* Base */ = {isa = PBXFileReference; lastKnownFileType = file.storyboard; name = Base; path = Base.lproj/Main.storyboard; sourceTree = "<group>"; };
		138A75031B44CEFB00E550DD /* Images.xcassets */ = {isa = PBXFileReference; lastKnownFileType = folder.assetcatalog; path = Images.xcassets; sourceTree = "<group>"; };
		138A75061B44CEFB00E550DD /* Base */ = {isa = PBXFileReference; lastKnownFileType = file.xib; name = Base; path = Base.lproj/LaunchScreen.xib; sourceTree = "<group>"; };
		138A750C1B44CEFB00E550DD /* shakeandswipeTests.xctest */ = {isa = PBXFileReference; explicitFileType = wrapper.cfbundle; includeInIndex = 0; path = shakeandswipeTests.xctest; sourceTree = BUILT_PRODUCTS_DIR; };
		138A75111B44CEFB00E550DD /* Info.plist */ = {isa = PBXFileReference; lastKnownFileType = text.plist.xml; path = Info.plist; sourceTree = "<group>"; };
		138A75121B44CEFB00E550DD /* shakeandswipeTests.swift */ = {isa = PBXFileReference; lastKnownFileType = sourcecode.swift; path = shakeandswipeTests.swift; sourceTree = "<group>"; };
/* End PBXFileReference section */

/* Begin PBXFrameworksBuildPhase section */
		138A74F41B44CEFB00E550DD /* Frameworks */ = {
			isa = PBXFrameworksBuildPhase;
			buildActionMask = 2147483647;
			files = (
			);
			runOnlyForDeploymentPostprocessing = 0;
		};
		138A75091B44CEFB00E550DD /* Frameworks */ = {
			isa = PBXFrameworksBuildPhase;
			buildActionMask = 2147483647;
			files = (
			);
			runOnlyForDeploymentPostprocessing = 0;
		};
/* End PBXFrameworksBuildPhase section */

/* Begin PBXGroup section */
		138A74EE1B44CEFB00E550DD = {
			isa = PBXGroup;
			children = (
				138A74F91B44CEFB00E550DD /* shakeandswipe */,
				138A750F1B44CEFB00E550DD /* shakeandswipeTests */,
				138A74F81B44CEFB00E550DD /* Products */,
			);
			sourceTree = "<group>";
		};
		138A74F81B44CEFB00E550DD /* Products */ = {
			isa = PBXGroup;
			children = (
				138A74F71B44CEFB00E550DD /* shakeandswipe.app */,
				138A750C1B44CEFB00E550DD /* shakeandswipeTests.xctest */,
			);
			name = Products;
			sourceTree = "<group>";
		};
		138A74F91B44CEFB00E550DD /* shakeandswipe */ = {
			isa = PBXGroup;
			children = (
				138A74FC1B44CEFB00E550DD /* AppDelegate.swift */,
				138A74FE1B44CEFB00E550DD /* ViewController.swift */,
				138A75001B44CEFB00E550DD /* Main.storyboard */,
				138A75031B44CEFB00E550DD /* Images.xcassets */,
				138A75051B44CEFB00E550DD /* LaunchScreen.xib */,
				138A74FA1B44CEFB00E550DD /* Supporting Files */,
			);
			path = shakeandswipe;
			sourceTree = "<group>";
		};
		138A74FA1B44CEFB00E550DD /* Supporting Files */ = {
			isa = PBXGroup;
			children = (
				138A74FB1B44CEFB00E550DD /* Info.plist */,
			);
			name = "Supporting Files";
			sourceTree = "<group>";
		};
		138A750F1B44CEFB00E550DD /* shakeandswipeTests */ = {
			isa = PBXGroup;
			children = (
				138A75121B44CEFB00E550DD /* shakeandswipeTests.swift */,
				138A75101B44CEFB00E550DD /* Supporting Files */,
			);
			path = shakeandswipeTests;
			sourceTree = "<group>";
		};
		138A75101B44CEFB00E550DD /* Supporting Files */ = {
			isa = PBXGroup;
			children = (
				138A75111B44CEFB00E550DD /* Info.plist */,
			);
			name = "Supporting Files";
			sourceTree = "<group>";
		};
/* End PBXGroup section */

/* Begin PBXNativeTarget section */
		138A74F61B44CEFB00E550DD /* shakeandswipe */ = {
			isa = PBXNativeTarget;
			buildConfigurationList = 138A75161B44CEFB00E550DD /* Build configuration list for PBXNativeTarget "shakeandswipe" */;
			buildPhases = (
				138A74F31B44CEFB00E550DD /* Sources */,
				138A74F41B44CEFB00E550DD /* Frameworks */,
				138A74F51B44CEFB00E550DD /* Resources */,
			);
			buildRules = (
			);
			dependencies = (
			);
			name = shakeandswipe;
			productName = shakeandswipe;
			productReference = 138A74F71B44CEFB00E550DD /* shakeandswipe.app */;
			productType = "com.apple.product-type.application";
		};
		138A750B1B44CEFB00E550DD /* shakeandswipeTests */ = {
			isa = PBXNativeTarget;
			buildConfigurationList = 138A75191B44CEFB00E550DD /* Build configuration list for PBXNativeTarget "shakeandswipeTests" */;
			buildPhases = (
				138A75081B44CEFB00E550DD /* Sources */,
				138A75091B44CEFB00E550DD /* Frameworks */,
				138A750A1B44CEFB00E550DD /* Resources */,
			);
			buildRules = (
			);
			dependencies = (
				138A750E1B44CEFB00E550DD /* PBXTargetDependency */,
			);
			name = shakeandswipeTests;
			productName = shakeandswipeTests;
			productReference = 138A750C1B44CEFB00E550DD /* shakeandswipeTests.xctest */;
			productType = "com.apple.product-type.bundle.unit-test";
		};
/* End PBXNativeTarget section */

/* Begin PBXProject section */
		138A74EF1B44CEFB00E550DD /* Project object */ = {
			isa = PBXProject;
			attributes = {
				LastUpgradeCheck = 0630;
				ORGANIZATIONNAME = Geneva;
				TargetAttributes = {
					138A74F61B44CEFB00E550DD = {
						CreatedOnToolsVersion = 6.3.2;
					};
					138A750B1B44CEFB00E550DD = {
						CreatedOnToolsVersion = 6.3.2;
						TestTargetID = 138A74F61B44CEFB00E550DD;
					};
				};
			};
			buildConfigurationList = 138A74F21B44CEFB00E550DD /* Build configuration list for PBXProject "shakeandswipe" */;
			compatibilityVersion = "Xcode 3.2";
			developmentRegion = English;
			hasScannedForEncodings = 0;
			knownRegions = (
				en,
				Base,
			);
			mainGroup = 138A74EE1B44CEFB00E550DD;
			productRefGroup = 138A74F81B44CEFB00E550DD /* Products */;
			projectDirPath = "";
			projectRoot = "";
			targets = (
				138A74F61B44CEFB00E550DD /* shakeandswipe */,
				138A750B1B44CEFB00E550DD /* shakeandswipeTests */,
			);
		};
/* End PBXProject section */

/* Begin PBXResourcesBuildPhase section */
		138A74F51B44CEFB00E550DD /* Resources */ = {
			isa = PBXResourcesBuildPhase;
			buildActionMask = 2147483647;
			files = (
				138A75021B44CEFB00E550DD /* Main.storyboard in Resources */,
				138A75071B44CEFB00E550DD /* LaunchScreen.xib in Resources */,
				138A75041B44CEFB00E550DD /* Images.xcassets in Resources */,
			);
			runOnlyForDeploymentPostprocessing = 0;
		};
		138A750A1B44CEFB00E550DD /* Resources */ = {
			isa = PBXResourcesBuildPhase;
			buildActionMask = 2147483647;
			files = (
			);
			runOnlyForDeploymentPostprocessing = 0;
		};
/* End PBXResourcesBuildPhase section */

/* Begin PBXSourcesBuildPhase section */
		138A74F31B44CEFB00E550DD /* Sources */ = {
			isa = PBXSourcesBuildPhase;
			buildActionMask = 2147483647;
			files = (
				138A74FF1B44CEFB00E550DD /* ViewController.swift in Sources */,
				138A74FD1B44CEFB00E550DD /* AppDelegate.swift in Sources */,
			);
			runOnlyForDeploymentPostprocessing = 0;
		};
		138A75081B44CEFB00E550DD /* Sources */ = {
			isa = PBXSourcesBuildPhase;
			buildActionMask = 2147483647;
			files = (
				138A75131B44CEFB00E550DD /* shakeandswipeTests.swift in Sources */,
			);
			runOnlyForDeploymentPostprocessing = 0;
		};
/* End PBXSourcesBuildPhase section */

/* Begin PBXTargetDependency section */
		138A750E1B44CEFB00E550DD /* PBXTargetDependency */ = {
			isa = PBXTargetDependency;
			target = 138A74F61B44CEFB00E550DD /* shakeandswipe */;
			targetProxy = 138A750D1B44CEFB00E550DD /* PBXContainerItemProxy */;
		};
/* End PBXTargetDependency section */

/* Begin PBXVariantGroup section */
		138A75001B44CEFB00E550DD /* Main.storyboard */ = {
			isa = PBXVariantGroup;
			children = (
				138A75011B44CEFB00E550DD /* Base */,
			);
			name = Main.storyboard;
			sourceTree = "<group>";
		};
		138A75051B44CEFB00E550DD /* LaunchScreen.xib */ = {
			isa = PBXVariantGroup;
			children = (
				138A75061B44CEFB00E550DD /* Base */,
			);
			name = LaunchScreen.xib;
			sourceTree = "<group>";
		};
/* End PBXVariantGroup section */

/* Begin XCBuildConfiguration section */
		138A75141B44CEFB00E550DD /* Debug */ = {
			isa = XCBuildConfiguration;
			buildSettings = {
				ALWAYS_SEARCH_USER_PATHS = NO;
				CLANG_CXX_LANGUAGE_STANDARD = "gnu++0x";
				CLANG_CXX_LIBRARY = "libc++";
				CLANG_ENABLE_MODULES = YES;
				CLANG_ENABLE_OBJC_ARC = YES;
				CLANG_WARN_BOOL_CONVERSION = YES;
				CLANG_WARN_CONSTANT_CONVERSION = YES;
				CLANG_WARN_DIRECT_OBJC_ISA_USAGE = YES_ERROR;
				CLANG_WARN_EMPTY_BODY = YES;
				CLANG_WARN_ENUM_CONVERSION = YES;
				CLANG_WARN_INT_CONVERSION = YES;
				CLANG_WARN_OBJC_ROOT_CLASS = YES_ERROR;
				CLANG_WARN_UNREACHABLE_CODE = YES;
				CLANG_WARN__DUPLICATE_METHOD_MATCH = YES;
				"CODE_SIGN_IDENTITY[sdk=iphoneos*]" = "iPhone Developer";
				COPY_PHASE_STRIP = NO;
				DEBUG_INFORMATION_FORMAT = "dwarf-with-dsym";
				ENABLE_STRICT_OBJC_MSGSEND = YES;
				GCC_C_LANGUAGE_STANDARD = gnu99;
				GCC_DYNAMIC_NO_PIC = NO;
				GCC_NO_COMMON_BLOCKS = YES;
				GCC_OPTIMIZATION_LEVEL = 0;
				GCC_PREPROCESSOR_DEFINITIONS = (
					"DEBUG=1",
					"$(inherited)",
				);
				GCC_SYMBOLS_PRIVATE_EXTERN = NO;
				GCC_WARN_64_TO_32_BIT_CONVERSION = YES;
				GCC_WARN_ABOUT_RETURN_TYPE = YES_ERROR;
				GCC_WARN_UNDECLARED_SELECTOR = YES;
				GCC_WARN_UNINITIALIZED_AUTOS = YES_AGGRESSIVE;
				GCC_WARN_UNUSED_FUNCTION = YES;
				GCC_WARN_UNUSED_VARIABLE = YES;
				IPHONEOS_DEPLOYMENT_TARGET = 8.3;
				MTL_ENABLE_DEBUG_INFO = YES;
				ONLY_ACTIVE_ARCH = YES;
				SDKROOT = iphoneos;
				SWIFT_OPTIMIZATION_LEVEL = "-Onone";
			};
			name = Debug;
		};
		138A75151B44CEFB00E550DD /* Release */ = {
			isa = XCBuildConfiguration;
			buildSettings = {
				ALWAYS_SEARCH_USER_PATHS = NO;
				CLANG_CXX_LANGUAGE_STANDARD = "gnu++0x";
				CLANG_CXX_LIBRARY = "libc++";
				CLANG_ENABLE_MODULES = YES;
				CLANG_ENABLE_OBJC_ARC = YES;
				CLANG_WARN_BOOL_CONVERSION = YES;
				CLANG_WARN_CONSTANT_CONVERSION = YES;
				CLANG_WARN_DIRECT_OBJC_ISA_USAGE = YES_ERROR;
				CLANG_WARN_EMPTY_BODY = YES;
				CLANG_WARN_ENUM_CONVERSION = YES;
				CLANG_WARN_INT_CONVERSION = YES;
				CLANG_WARN_OBJC_ROOT_CLASS = YES_ERROR;
				CLANG_WARN_UNREACHABLE_CODE = YES;
				CLANG_WARN__DUPLICATE_METHOD_MATCH = YES;
				"CODE_SIGN_IDENTITY[sdk=iphoneos*]" = "iPhone Developer";
				COPY_PHASE_STRIP = NO;
				DEBUG_INFORMATION_FORMAT = "dwarf-with-dsym";
				ENABLE_NS_ASSERTIONS = NO;
				ENABLE_STRICT_OBJC_MSGSEND = YES;
				GCC_C_LANGUAGE_STANDARD = gnu99;
				GCC_NO_COMMON_BLOCKS = YES;
				GCC_WARN_64_TO_32_BIT_CONVERSION = YES;
				GCC_WARN_ABOUT_RETURN_TYPE = YES_ERROR;
				GCC_WARN_UNDECLARED_SELECTOR = YES;
				GCC_WARN_UNINITIALIZED_AUTOS = YES_AGGRESSIVE;
				GCC_WARN_UNUSED_FUNCTION = YES;
				GCC_WARN_UNUSED_VARIABLE = YES;
				IPHONEOS_DEPLOYMENT_TARGET = 8.3;
				MTL_ENABLE_DEBUG_INFO = NO;
				SDKROOT = iphoneos;
				VALIDATE_PRODUCT = YES;
			};
			name = Release;
		};
		138A75171B44CEFB00E550DD /* Debug */ = {
			isa = XCBuildConfiguration;
			buildSettings = {
				ASSETCATALOG_COMPILER_APPICON_NAME = AppIcon;
				INFOPLIST_FILE = shakeandswipe/Info.plist;
				LD_RUNPATH_SEARCH_PATHS = "$(inherited) @executable_path/Frameworks";
				PRODUCT_NAME = "$(TARGET_NAME)";
			};
			name = Debug;
		};
		138A75181B44CEFB00E550DD /* Release */ = {
			isa = XCBuildConfiguration;
			buildSettings = {
				ASSETCATALOG_COMPILER_APPICON_NAME = AppIcon;
				INFOPLIST_FILE = shakeandswipe/Info.plist;
				LD_RUNPATH_SEARCH_PATHS = "$(inherited) @executable_path/Frameworks";
				PRODUCT_NAME = "$(TARGET_NAME)";
			};
			name = Release;
		};
		138A751A1B44CEFB00E550DD /* Debug */ = {
			isa = XCBuildConfiguration;
			buildSettings = {
				BUNDLE_LOADER = "$(TEST_HOST)";
				FRAMEWORK_SEARCH_PATHS = (
					"$(SDKROOT)/Developer/Library/Frameworks",
					"$(inherited)",
				);
				GCC_PREPROCESSOR_DEFINITIONS = (
					"DEBUG=1",
					"$(inherited)",
				);
				INFOPLIST_FILE = shakeandswipeTests/Info.plist;
				LD_RUNPATH_SEARCH_PATHS = "$(inherited) @executable_path/Frameworks @loader_path/Frameworks";
				PRODUCT_NAME = "$(TARGET_NAME)";
				TEST_HOST = "$(BUILT_PRODUCTS_DIR)/shakeandswipe.app/shakeandswipe";
			};
			name = Debug;
		};
		138A751B1B44CEFB00E550DD /* Release */ = {
			isa = XCBuildConfiguration;
			buildSettings = {
				BUNDLE_LOADER = "$(TEST_HOST)";
				FRAMEWORK_SEARCH_PATHS = (
					"$(SDKROOT)/Developer/Library/Frameworks",
					"$(inherited)",
				);
				INFOPLIST_FILE = shakeandswipeTests/Info.plist;
				LD_RUNPATH_SEARCH_PATHS = "$(inherited) @executable_path/Frameworks @loader_path/Frameworks";
				PRODUCT_NAME = "$(TARGET_NAME)";
				TEST_HOST = "$(BUILT_PRODUCTS_DIR)/shakeandswipe.app/shakeandswipe";
			};
			name = Release;
		};
/* End XCBuildConfiguration section */

/* Begin XCConfigurationList section */
		138A74F21B44CEFB00E550DD /* Build configuration list for PBXProject "shakeandswipe" */ = {
			isa = XCConfigurationList;
			buildConfigurations = (
				138A75141B44CEFB00E550DD /* Debug */,
				138A75151B44CEFB00E550DD /* Release */,
			);
			defaultConfigurationIsVisible = 0;
			defaultConfigurationName = Release;
		};
		138A75161B44CEFB00E550DD /* Build configuration list for PBXNativeTarget "shakeandswipe" */ = {
			isa = XCConfigurationList;
			buildConfigurations = (
				138A75171B44CEFB00E550DD /* Debug */,
				138A75181B44CEFB00E550DD /* Release */,
			);
			defaultConfigurationIsVisible = 0;
		};
		138A75191B44CEFB00E550DD /* Build configuration list for PBXNativeTarget "shakeandswipeTests" */ = {
			isa = XCConfigurationList;
			buildConfigurations = (
				138A751A1B44CEFB00E550DD /* Debug */,
				138A751B1B44CEFB00E550DD /* Release */,
			);
			defaultConfigurationIsVisible = 0;
		};
/* End XCConfigurationList section */
	};
	rootObject = 138A74EF1B44CEFB00E550DD /* Project object */;
}
